
Microsoft Visual Studio Solution File, Format Version 12.00
# Visual Studio Version 16
VisualStudioVersion = 16.0.31025.194
MinimumVisualStudioVersion = 10.0.40219.1
Project("{FAE04EC0-301F-11D3-BF4B-00C04F79EFBC}") = "Joystick", "Joystick\Joystick.csproj", "{AB940C90-1173-4155-81A8-BC2C56259810}"
EndProject
Global
	GlobalSection(SolutionConfigurationPlatforms) = preSolution
		Debug|Any CPU = Debug|Any CPU
		Release|Any CPU = Release|Any CPU
	EndGlobalSection
	GlobalSection(ProjectConfigurationPlatforms) = postSolution
		{AB940C90-1173-4155-81A8-BC2C56259810}.Debug|Any CPU.ActiveCfg = Debug|Any CPU
		{AB940C90-1173-4155-81A8-BC2C56259810}.Debug|Any CPU.Build.0 = Debug|Any CPU
		{AB940C90-1173-4155-81A8-BC2C56259810}.Release|Any CPU.ActiveCfg = Release|Any CPU
		{AB940C90-1173-4155-81A8-BC2C56259810}.Release|Any CPU.Build.0 = Release|Any CPU
	EndGlobalSection
	GlobalSection(SolutionProperties) = preSolution
		HideSolutionNode = FALSE
	EndGlobalSection
	GlobalSection(ExtensibilityGlobals) = postSolution
		SolutionGuid = {E2CA17A4-2D46-4627-8F08-5E3D7DA96D42}
	EndGlobalSection
EndGlobal
